
Microsoft Visual Studio Solution File, Format Version 12.00
# Visual Studio 15
VisualStudioVersion = 15.0.28307.705
MinimumVisualStudioVersion = 10.0.40219.1
Project("{2150E333-8FDC-42A3-9474-1A3956D46DE8}") = "src", "src", "{D1653A2F-48DB-49F9-A97B-B77B8D9C2E5A}"
EndProject
Project("{2150E333-8FDC-42A3-9474-1A3956D46DE8}") = "Services", "Services", "{43E001EF-0818-4C67-99A3-86D2FD1FC0D5}"
EndProject
Project("{2150E333-8FDC-42A3-9474-1A3956D46DE8}") = "Web", "Web", "{3C445AA7-8061-44BA-9900-C8968116B618}"
EndProject
Project("{2150E333-8FDC-42A3-9474-1A3956D46DE8}") = "test", "test", "{CAA707EC-10E3-4AB6-931D-BB5F157AAA43}"
EndProject
Project("{2150E333-8FDC-42A3-9474-1A3956D46DE8}") = "Services", "Services", "{36F807EE-FAF3-475E-9FCB-EE80CE4AC262}"
EndProject
Project("{2150E333-8FDC-42A3-9474-1A3956D46DE8}") = "Web", "Web", "{65E25002-F9DC-4AA2-97B4-07B546E772DC}"
EndProject
Project("{2150E333-8FDC-42A3-9474-1A3956D46DE8}") = "Compute", "Compute", "{08A68318-A524-450F-AC63-F67A9DB6508B}"
EndProject
Project("{9A19103F-16F7-4668-BE54-9A1E7A4F7556}") = "Compute.Application", "src\Services\Compute\Compute.Application\Compute.Application.csproj", "{746E9011-6176-4C21-9AF1-01CD345EF5A3}"
EndProject
Project("{9A19103F-16F7-4668-BE54-9A1E7A4F7556}") = "Compute.Test", "test\Services\Compute.Test\Compute.Test.csproj", "{901B47CA-5E15-4F35-965E-70BC65BB9024}"
EndProject
Project("{9A19103F-16F7-4668-BE54-9A1E7A4F7556}") = "Compute.Domain", "src\Services\Compute\Compute.Domain\Compute.Domain.csproj", "{F383C094-AB90-432B-AB5B-5DE5C7A8AD9C}"
EndProject
Project("{9A19103F-16F7-4668-BE54-9A1E7A4F7556}") = "Compute.Infrastructure", "src\Services\Compute\Compute.Infrastructure\Compute.Infrastructure.csproj", "{72A4ECD4-6E40-4309-AC08-367CF29033D6}"
EndProject
Project("{2150E333-8FDC-42A3-9474-1A3956D46DE8}") = "Audit", "Audit", "{21DCADB6-6286-40A0-96E6-FDA78481D7DC}"
EndProject
Project("{9A19103F-16F7-4668-BE54-9A1E7A4F7556}") = "Audit.Application", "src\Services\Audit\Audit.Application\Audit.Application.csproj", "{58B899A5-003F-4D99-BFEC-B68A7CE5353A}"
EndProject
Project("{9A19103F-16F7-4668-BE54-9A1E7A4F7556}") = "Audit.Domain", "src\Services\Audit\Audit.Domain\Audit.Domain.csproj", "{E568A08C-B7C4-4276-AFF9-6D731B6692EF}"
EndProject
Project("{9A19103F-16F7-4668-BE54-9A1E7A4F7556}") = "Audit.Infrastructure", "src\Services\Audit\Audit.Infrastructure\Audit.Infrastructure.csproj", "{D52B8EAF-04EE-4622-893A-5614A0458B00}"
EndProject
Project("{E53339B2-1760-4266-BCC7-CA923CBCF16C}") = "docker-compose", "docker-compose.dcproj", "{38449E38-025D-407D-A929-AEBBD84D8A33}"
EndProject
Global
	GlobalSection(SolutionConfigurationPlatforms) = preSolution
		Debug|Any CPU = Debug|Any CPU
		Release|Any CPU = Release|Any CPU
	EndGlobalSection
	GlobalSection(ProjectConfigurationPlatforms) = postSolution
		{746E9011-6176-4C21-9AF1-01CD345EF5A3}.Debug|Any CPU.ActiveCfg = Debug|Any CPU
		{746E9011-6176-4C21-9AF1-01CD345EF5A3}.Debug|Any CPU.Build.0 = Debug|Any CPU
		{746E9011-6176-4C21-9AF1-01CD345EF5A3}.Release|Any CPU.ActiveCfg = Release|Any CPU
		{746E9011-6176-4C21-9AF1-01CD345EF5A3}.Release|Any CPU.Build.0 = Release|Any CPU
		{901B47CA-5E15-4F35-965E-70BC65BB9024}.Debug|Any CPU.ActiveCfg = Debug|Any CPU
		{901B47CA-5E15-4F35-965E-70BC65BB9024}.Debug|Any CPU.Build.0 = Debug|Any CPU
		{901B47CA-5E15-4F35-965E-70BC65BB9024}.Release|Any CPU.ActiveCfg = Release|Any CPU
		{901B47CA-5E15-4F35-965E-70BC65BB9024}.Release|Any CPU.Build.0 = Release|Any CPU
		{F383C094-AB90-432B-AB5B-5DE5C7A8AD9C}.Debug|Any CPU.ActiveCfg = Debug|Any CPU
		{F383C094-AB90-432B-AB5B-5DE5C7A8AD9C}.Debug|Any CPU.Build.0 = Debug|Any CPU
		{F383C094-AB90-432B-AB5B-5DE5C7A8AD9C}.Release|Any CPU.ActiveCfg = Release|Any CPU
		{F383C094-AB90-432B-AB5B-5DE5C7A8AD9C}.Release|Any CPU.Build.0 = Release|Any CPU
		{72A4ECD4-6E40-4309-AC08-367CF29033D6}.Debug|Any CPU.ActiveCfg = Debug|Any CPU
		{72A4ECD4-6E40-4309-AC08-367CF29033D6}.Debug|Any CPU.Build.0 = Debug|Any CPU
		{72A4ECD4-6E40-4309-AC08-367CF29033D6}.Release|Any CPU.ActiveCfg = Release|Any CPU
		{72A4ECD4-6E40-4309-AC08-367CF29033D6}.Release|Any CPU.Build.0 = Release|Any CPU
		{58B899A5-003F-4D99-BFEC-B68A7CE5353A}.Debug|Any CPU.ActiveCfg = Debug|Any CPU
		{58B899A5-003F-4D99-BFEC-B68A7CE5353A}.Debug|Any CPU.Build.0 = Debug|Any CPU
		{58B899A5-003F-4D99-BFEC-B68A7CE5353A}.Release|Any CPU.ActiveCfg = Release|Any CPU
		{58B899A5-003F-4D99-BFEC-B68A7CE5353A}.Release|Any CPU.Build.0 = Release|Any CPU
		{E568A08C-B7C4-4276-AFF9-6D731B6692EF}.Debug|Any CPU.ActiveCfg = Debug|Any CPU
		{E568A08C-B7C4-4276-AFF9-6D731B6692EF}.Debug|Any CPU.Build.0 = Debug|Any CPU
		{E568A08C-B7C4-4276-AFF9-6D731B6692EF}.Release|Any CPU.ActiveCfg = Release|Any CPU
		{E568A08C-B7C4-4276-AFF9-6D731B6692EF}.Release|Any CPU.Build.0 = Release|Any CPU
		{D52B8EAF-04EE-4622-893A-5614A0458B00}.Debug|Any CPU.ActiveCfg = Debug|Any CPU
		{D52B8EAF-04EE-4622-893A-5614A0458B00}.Debug|Any CPU.Build.0 = Debug|Any CPU
		{D52B8EAF-04EE-4622-893A-5614A0458B00}.Release|Any CPU.ActiveCfg = Release|Any CPU
		{D52B8EAF-04EE-4622-893A-5614A0458B00}.Release|Any CPU.Build.0 = Release|Any CPU
		{38449E38-025D-407D-A929-AEBBD84D8A33}.Debug|Any CPU.ActiveCfg = Debug|Any CPU
		{38449E38-025D-407D-A929-AEBBD84D8A33}.Debug|Any CPU.Build.0 = Debug|Any CPU
		{38449E38-025D-407D-A929-AEBBD84D8A33}.Release|Any CPU.ActiveCfg = Release|Any CPU
		{38449E38-025D-407D-A929-AEBBD84D8A33}.Release|Any CPU.Build.0 = Release|Any CPU
	EndGlobalSection
	GlobalSection(SolutionProperties) = preSolution
		HideSolutionNode = FALSE
	EndGlobalSection
	GlobalSection(NestedProjects) = preSolution
		{43E001EF-0818-4C67-99A3-86D2FD1FC0D5} = {D1653A2F-48DB-49F9-A97B-B77B8D9C2E5A}
		{3C445AA7-8061-44BA-9900-C8968116B618} = {D1653A2F-48DB-49F9-A97B-B77B8D9C2E5A}
		{36F807EE-FAF3-475E-9FCB-EE80CE4AC262} = {CAA707EC-10E3-4AB6-931D-BB5F157AAA43}
		{65E25002-F9DC-4AA2-97B4-07B546E772DC} = {CAA707EC-10E3-4AB6-931D-BB5F157AAA43}
		{08A68318-A524-450F-AC63-F67A9DB6508B} = {43E001EF-0818-4C67-99A3-86D2FD1FC0D5}
		{746E9011-6176-4C21-9AF1-01CD345EF5A3} = {08A68318-A524-450F-AC63-F67A9DB6508B}
		{901B47CA-5E15-4F35-965E-70BC65BB9024} = {36F807EE-FAF3-475E-9FCB-EE80CE4AC262}
		{F383C094-AB90-432B-AB5B-5DE5C7A8AD9C} = {08A68318-A524-450F-AC63-F67A9DB6508B}
		{72A4ECD4-6E40-4309-AC08-367CF29033D6} = {08A68318-A524-450F-AC63-F67A9DB6508B}
		{21DCADB6-6286-40A0-96E6-FDA78481D7DC} = {43E001EF-0818-4C67-99A3-86D2FD1FC0D5}
		{58B899A5-003F-4D99-BFEC-B68A7CE5353A} = {21DCADB6-6286-40A0-96E6-FDA78481D7DC}
		{E568A08C-B7C4-4276-AFF9-6D731B6692EF} = {21DCADB6-6286-40A0-96E6-FDA78481D7DC}
		{D52B8EAF-04EE-4622-893A-5614A0458B00} = {21DCADB6-6286-40A0-96E6-FDA78481D7DC}
	EndGlobalSection
	GlobalSection(ExtensibilityGlobals) = postSolution
		SolutionGuid = {04680132-1D69-48C8-A728-E24338B1A8B0}
	EndGlobalSection
EndGlobal
